{
  "version": 4,
  "terraform_version": "1.7.4",
  "serial": 29,
  "lineage": "ca0eff76-852d-5c0c-34e8-e0b4ac076469",
  "outputs": {},
  "resources": [
    {
      "mode": "managed",
      "type": "azurerm_data_factory",
      "name": "app_grp7",
      "provider": "provider[\"registry.terraform.io/hashicorp/azurerm\"]",
      "instances": [
        {
          "schema_version": 2,
          "attributes": {
            "customer_managed_key_id": "",
            "customer_managed_key_identity_id": "",
            "github_configuration": [],
            "global_parameter": [],
            "id": "/subscriptions/ed0b0d17-e9e1-4067-af64-a7f15d91e10e/resourceGroups/app-grp7/providers/Microsoft.DataFactory/factories/brunda23447642",
            "identity": [],
            "location": "northeurope",
            "managed_virtual_network_enabled": false,
            "name": "brunda23447642",
            "public_network_enabled": true,
            "resource_group_name": "app-grp7",
            "tags": {},
            "timeouts": null,
            "vsts_configuration": []
          },
          "sensitive_attributes": [],
          "private": "eyJlMmJmYjczMC1lY2FhLTExZTYtOGY4OC0zNDM2M2JjN2M0YzAiOnsiY3JlYXRlIjoxODAwMDAwMDAwMDAwLCJkZWxldGUiOjE4MDAwMDAwMDAwMDAsInJlYWQiOjMwMDAwMDAwMDAwMCwidXBkYXRlIjoxODAwMDAwMDAwMDAwfSwic2NoZW1hX3ZlcnNpb24iOiIyIn0=",
          "dependencies": [
            "azurerm_resource_group.app_grp7"
          ]
        }
      ]
    },
    {
      "mode": "managed",
      "type": "azurerm_data_factory_integration_runtime_self_hosted",
      "name": "app_grp7",
      "provider": "provider[\"registry.terraform.io/hashicorp/azurerm\"]",
      "instances": [
        {
          "schema_version": 0,
          "attributes": {
            "data_factory_id": "/subscriptions/ed0b0d17-e9e1-4067-af64-a7f15d91e10e/resourceGroups/app-grp7/providers/Microsoft.DataFactory/factories/brunda23447642",
            "description": "",
            "id": "/subscriptions/ed0b0d17-e9e1-4067-af64-a7f15d91e10e/resourceGroups/app-grp7/providers/Microsoft.DataFactory/factories/brunda23447642/integrationruntimes/jhupoijpo",
            "name": "jhupoijpo",
            "primary_authorization_key": "IR@82a09a34-7fa4-4d20-98ae-9004a5e704a6@brunda23447642@ServiceEndpoint=brunda23447642.northeurope.datafactory.azure.net@4ZCLyzyBZGGzm0aQ79OH6gNBNB3UoqH29WeUR837ar8=",
            "rbac_authorization": [],
            "secondary_authorization_key": "IR@82a09a34-7fa4-4d20-98ae-9004a5e704a6@brunda23447642@ServiceEndpoint=brunda23447642.northeurope.datafactory.azure.net@5+ZwYVpvU9a+34qmSWyu1+GOVbCMSmZm35vkdr//oH8=",
            "timeouts": null
          },
          "sensitive_attributes": [],
          "private": "eyJlMmJmYjczMC1lY2FhLTExZTYtOGY4OC0zNDM2M2JjN2M0YzAiOnsiY3JlYXRlIjoxODAwMDAwMDAwMDAwLCJkZWxldGUiOjE4MDAwMDAwMDAwMDAsInJlYWQiOjMwMDAwMDAwMDAwMCwidXBkYXRlIjoxODAwMDAwMDAwMDAwfX0=",
          "dependencies": [
            "azurerm_data_factory.app_grp7",
            "azurerm_resource_group.app_grp7"
          ]
        }
      ]
    },
    {
      "mode": "managed",
      "type": "azurerm_databricks_workspace",
      "name": "app_grp7",
      "provider": "provider[\"registry.terraform.io/hashicorp/azurerm\"]",
      "instances": [
        {
          "schema_version": 0,
          "attributes": {
            "custom_parameters": [
              {
                "machine_learning_workspace_id": "",
                "nat_gateway_name": "",
                "no_public_ip": false,
                "private_subnet_name": "",
                "private_subnet_network_security_group_association_id": "",
                "public_ip_name": "nat-gw-public-ip",
                "public_subnet_name": "",
                "public_subnet_network_security_group_association_id": "",
                "storage_account_name": "dbstoragebufrukdy5xyr6",
                "storage_account_sku_name": "Standard_GRS",
                "virtual_network_id": "",
                "vnet_address_prefix": "10.139"
              }
            ],
            "customer_managed_key_enabled": false,
            "id": "/subscriptions/ed0b0d17-e9e1-4067-af64-a7f15d91e10e/resourceGroups/app-grp7/providers/Microsoft.Databricks/workspaces/databricks-test",
            "infrastructure_encryption_enabled": false,
            "load_balancer_backend_address_pool_id": "",
            "location": "northeurope",
            "managed_resource_group_id": "/subscriptions/ed0b0d17-e9e1-4067-af64-a7f15d91e10e/resourceGroups/databricks-rg-app-grp7",
            "managed_resource_group_name": "databricks-rg-app-grp7",
            "managed_services_cmk_key_vault_key_id": null,
            "name": "databricks-test",
            "network_security_group_rules_required": null,
            "public_network_access_enabled": true,
            "resource_group_name": "app-grp7",
            "sku": "standard",
            "storage_account_identity": [],
            "tags": {
              "Environment": "Production"
            },
            "timeouts": null,
            "workspace_id": "2643079239093657",
            "workspace_url": "adb-2643079239093657.17.azuredatabricks.net"
          },
          "sensitive_attributes": [],
          "private": "eyJlMmJmYjczMC1lY2FhLTExZTYtOGY4OC0zNDM2M2JjN2M0YzAiOnsiY3JlYXRlIjoxODAwMDAwMDAwMDAwLCJkZWxldGUiOjE4MDAwMDAwMDAwMDAsInJlYWQiOjMwMDAwMDAwMDAwMCwidXBkYXRlIjoxODAwMDAwMDAwMDAwfX0=",
          "dependencies": [
            "azurerm_resource_group.app_grp7"
          ]
        }
      ]
    },
    {
      "mode": "managed",
      "type": "azurerm_resource_group",
      "name": "app_grp7",
      "provider": "provider[\"registry.terraform.io/hashicorp/azurerm\"]",
      "instances": [
        {
          "schema_version": 0,
          "attributes": {
            "id": "/subscriptions/ed0b0d17-e9e1-4067-af64-a7f15d91e10e/resourceGroups/app-grp7",
            "location": "northeurope",
            "name": "app-grp7",
            "tags": {},
            "timeouts": null
          },
          "sensitive_attributes": [],
          "private": "eyJlMmJmYjczMC1lY2FhLTExZTYtOGY4OC0zNDM2M2JjN2M0YzAiOnsiY3JlYXRlIjo1NDAwMDAwMDAwMDAwLCJkZWxldGUiOjU0MDAwMDAwMDAwMDAsInJlYWQiOjMwMDAwMDAwMDAwMCwidXBkYXRlIjo1NDAwMDAwMDAwMDAwfX0="
        }
      ]
    },
    {
      "mode": "managed",
      "type": "azurerm_storage_account",
      "name": "app_grp7",
      "provider": "provider[\"registry.terraform.io/hashicorp/azurerm\"]",
      "instances": [
        {
          "schema_version": 3,
          "attributes": {
            "access_tier": "Hot",
            "account_kind": "StorageV2",
            "account_replication_type": "GRS",
            "account_tier": "Standard",
            "allow_nested_items_to_be_public": true,
            "azure_files_authentication": [],
            "blob_properties": [
              {
                "change_feed_enabled": false,
                "container_delete_retention_policy": [],
                "cors_rule": [],
                "default_service_version": "",
                "delete_retention_policy": [],
                "last_access_time_enabled": false,
                "versioning_enabled": false
              }
            ],
            "custom_domain": [],
            "customer_managed_key": [],
            "edge_zone": "",
            "enable_https_traffic_only": true,
            "id": "/subscriptions/ed0b0d17-e9e1-4067-af64-a7f15d91e10e/resourceGroups/app-grp7/providers/Microsoft.Storage/storageAccounts/sgcuwehowehdi",
            "identity": [],
            "infrastructure_encryption_enabled": false,
            "is_hns_enabled": false,
            "large_file_share_enabled": null,
            "location": "northeurope",
            "min_tls_version": "TLS1_2",
            "name": "sgcuwehowehdi",
            "network_rules": [
              {
                "bypass": [
                  "AzureServices"
                ],
                "default_action": "Allow",
                "ip_rules": [],
                "private_link_access": [],
                "virtual_network_subnet_ids": []
              }
            ],
            "nfsv3_enabled": false,
            "primary_access_key": "DcbJgvo8aSz//cdrzRPL1X/9W7MTIhlVWj+IrXfrVj11MDNvx+maV5wC/jVgkzsBKuKsXHf4pIVh+ASt8kbQOg==",
            "primary_blob_connection_string": "DefaultEndpointsProtocol=https;BlobEndpoint=https://sgcuwehowehdi.blob.core.windows.net/;AccountName=sgcuwehowehdi;AccountKey=DcbJgvo8aSz//cdrzRPL1X/9W7MTIhlVWj+IrXfrVj11MDNvx+maV5wC/jVgkzsBKuKsXHf4pIVh+ASt8kbQOg==",
            "primary_blob_endpoint": "https://sgcuwehowehdi.blob.core.windows.net/",
            "primary_blob_host": "sgcuwehowehdi.blob.core.windows.net",
            "primary_connection_string": "DefaultEndpointsProtocol=https;AccountName=sgcuwehowehdi;AccountKey=DcbJgvo8aSz//cdrzRPL1X/9W7MTIhlVWj+IrXfrVj11MDNvx+maV5wC/jVgkzsBKuKsXHf4pIVh+ASt8kbQOg==;EndpointSuffix=core.windows.net",
            "primary_dfs_endpoint": "https://sgcuwehowehdi.dfs.core.windows.net/",
            "primary_dfs_host": "sgcuwehowehdi.dfs.core.windows.net",
            "primary_file_endpoint": "https://sgcuwehowehdi.file.core.windows.net/",
            "primary_file_host": "sgcuwehowehdi.file.core.windows.net",
            "primary_location": "northeurope",
            "primary_queue_endpoint": "https://sgcuwehowehdi.queue.core.windows.net/",
            "primary_queue_host": "sgcuwehowehdi.queue.core.windows.net",
            "primary_table_endpoint": "https://sgcuwehowehdi.table.core.windows.net/",
            "primary_table_host": "sgcuwehowehdi.table.core.windows.net",
            "primary_web_endpoint": "https://sgcuwehowehdi.z16.web.core.windows.net/",
            "primary_web_host": "sgcuwehowehdi.z16.web.core.windows.net",
            "queue_encryption_key_type": "Service",
            "queue_properties": [
              {
                "cors_rule": [],
                "hour_metrics": [
                  {
                    "enabled": true,
                    "include_apis": true,
                    "retention_policy_days": 7,
                    "version": "1.0"
                  }
                ],
                "logging": [
                  {
                    "delete": false,
                    "read": false,
                    "retention_policy_days": 0,
                    "version": "1.0",
                    "write": false
                  }
                ],
                "minute_metrics": [
                  {
                    "enabled": false,
                    "include_apis": false,
                    "retention_policy_days": 0,
                    "version": "1.0"
                  }
                ]
              }
            ],
            "resource_group_name": "app-grp7",
            "routing": [],
            "secondary_access_key": "DDCmcgMGN7f81+a+D/O1umXgIEBJy4t9xB3liaSrMHXMR5AZzQlA5M1btYuYdyPljsoGMKJQi5nr+AStJqKPZA==",
            "secondary_blob_connection_string": "",
            "secondary_blob_endpoint": null,
            "secondary_blob_host": null,
            "secondary_connection_string": "DefaultEndpointsProtocol=https;AccountName=sgcuwehowehdi;AccountKey=DDCmcgMGN7f81+a+D/O1umXgIEBJy4t9xB3liaSrMHXMR5AZzQlA5M1btYuYdyPljsoGMKJQi5nr+AStJqKPZA==;EndpointSuffix=core.windows.net",
            "secondary_dfs_endpoint": null,
            "secondary_dfs_host": null,
            "secondary_file_endpoint": null,
            "secondary_file_host": null,
            "secondary_location": "westeurope",
            "secondary_queue_endpoint": null,
            "secondary_queue_host": null,
            "secondary_table_endpoint": null,
            "secondary_table_host": null,
            "secondary_web_endpoint": null,
            "secondary_web_host": null,
            "share_properties": [
              {
                "cors_rule": [],
                "retention_policy": [
                  {
                    "days": 7
                  }
                ],
                "smb": []
              }
            ],
            "shared_access_key_enabled": true,
            "static_website": [],
            "table_encryption_key_type": "Service",
            "tags": {
              "environment": "staging"
            },
            "timeouts": null
          },
          "sensitive_attributes": [],
          "private": "eyJlMmJmYjczMC1lY2FhLTExZTYtOGY4OC0zNDM2M2JjN2M0YzAiOnsiY3JlYXRlIjozNjAwMDAwMDAwMDAwLCJkZWxldGUiOjM2MDAwMDAwMDAwMDAsInJlYWQiOjMwMDAwMDAwMDAwMCwidXBkYXRlIjozNjAwMDAwMDAwMDAwfSwic2NoZW1hX3ZlcnNpb24iOiIzIn0=",
          "dependencies": [
            "azurerm_resource_group.app_grp7"
          ]
        }
      ]
    },
    {
      "mode": "managed",
      "type": "azurerm_storage_container",
      "name": "app_grp7",
      "provider": "provider[\"registry.terraform.io/hashicorp/azurerm\"]",
      "instances": [
        {
          "schema_version": 1,
          "attributes": {
            "container_access_type": "private",
            "has_immutability_policy": false,
            "has_legal_hold": false,
            "id": "https://sgcuwehowehdi.blob.core.windows.net/shduishodhqo",
            "metadata": {},
            "name": "shduishodhqo",
            "resource_manager_id": "/subscriptions/ed0b0d17-e9e1-4067-af64-a7f15d91e10e/resourceGroups/app-grp7/providers/Microsoft.Storage/storageAccounts/sgcuwehowehdi/blobServices/default/containers/shduishodhqo",
            "storage_account_name": "sgcuwehowehdi",
            "timeouts": null
          },
          "sensitive_attributes": [],
          "private": "eyJlMmJmYjczMC1lY2FhLTExZTYtOGY4OC0zNDM2M2JjN2M0YzAiOnsiY3JlYXRlIjoxODAwMDAwMDAwMDAwLCJkZWxldGUiOjE4MDAwMDAwMDAwMDAsInJlYWQiOjMwMDAwMDAwMDAwMCwidXBkYXRlIjoxODAwMDAwMDAwMDAwfSwic2NoZW1hX3ZlcnNpb24iOiIxIn0=",
          "dependencies": [
            "azurerm_resource_group.app_grp7",
            "azurerm_storage_account.app_grp7"
          ]
        }
      ]
    }
  ],
  "check_results": null
}
